
Microsoft Visual Studio Solution File, Format Version 12.00
# Visual Studio Version 16
VisualStudioVersion = 16.0.31129.286
MinimumVisualStudioVersion = 10.0.40219.1
Project("{FAE04EC0-301F-11D3-BF4B-00C04F79EFBC}") = "TimCoRetailManagerGood", "TimCoRetailManagerGood\TimCoRetailManagerGood.csproj", "{123CB696-BBF3-4732-A9D5-C968668B6426}"
EndProject
Project("{00D1A9C2-B5F0-4AF3-8072-F6C62B433612}") = "TRMData", "TRMData\TRMData.sqlproj", "{4A2EC9A8-157C-407B-B593-15FBC7B4D5DA}"
EndProject
Project("{9A19103F-16F7-4668-BE54-9A1E7A4F7556}") = "TRMWPFDesktopUI", "TRMWPFDesktopUI\TRMWPFDesktopUI.csproj", "{3CB9BD2D-8C23-4CC8-9EA5-98416317915D}"
EndProject
Project("{9A19103F-16F7-4668-BE54-9A1E7A4F7556}") = "TimCoreyRetailManagerGood.Library", "TimCoreyRetailManagerGood.Library\TimCoreyRetailManagerGood.Library.csproj", "{6B795217-4E65-4065-9517-F65B67528D3E}"
EndProject
Project("{9A19103F-16F7-4668-BE54-9A1E7A4F7556}") = "TRMWPFDesktopUI.Library", "TRMWPFDesktopUI.Library\TRMWPFDesktopUI.Library.csproj", "{9207829C-545A-4827-B038-8DEAD71D1713}"
EndProject
Project("{2150E333-8FDC-42A3-9474-1A3956D46DE8}") = "Database", "Database", "{C8CAF863-177D-4B00-80C7-C41A4482092E}"
EndProject
Project("{2150E333-8FDC-42A3-9474-1A3956D46DE8}") = "API", "API", "{D1930D6D-C3E8-4D54-A98F-904AD78B3E86}"
EndProject
Project("{2150E333-8FDC-42A3-9474-1A3956D46DE8}") = "WPF", "WPF", "{269C6141-FEB1-4282-8229-E684C69C458D}"
EndProject
Project("{9A19103F-16F7-4668-BE54-9A1E7A4F7556}") = "TRMApi", "TRMApi\TRMApi.csproj", "{6BEDA495-BEB0-4183-B602-4B7676F86431}"
EndProject
Project("{2150E333-8FDC-42A3-9474-1A3956D46DE8}") = "Solution Items", "Solution Items", "{EBB8C6C4-54FA-4715-AE3B-87F795F30CFD}"
	ProjectSection(SolutionItems) = preProject
		RoadMap.txt = RoadMap.txt
	EndProjectSection
EndProject
Global
	GlobalSection(SolutionConfigurationPlatforms) = preSolution
		Debug|Any CPU = Debug|Any CPU
		Release|Any CPU = Release|Any CPU
	EndGlobalSection
	GlobalSection(ProjectConfigurationPlatforms) = postSolution
		{123CB696-BBF3-4732-A9D5-C968668B6426}.Debug|Any CPU.ActiveCfg = Debug|Any CPU
		{123CB696-BBF3-4732-A9D5-C968668B6426}.Debug|Any CPU.Build.0 = Debug|Any CPU
		{123CB696-BBF3-4732-A9D5-C968668B6426}.Release|Any CPU.ActiveCfg = Release|Any CPU
		{123CB696-BBF3-4732-A9D5-C968668B6426}.Release|Any CPU.Build.0 = Release|Any CPU
		{4A2EC9A8-157C-407B-B593-15FBC7B4D5DA}.Debug|Any CPU.ActiveCfg = Debug|Any CPU
		{4A2EC9A8-157C-407B-B593-15FBC7B4D5DA}.Debug|Any CPU.Build.0 = Debug|Any CPU
		{4A2EC9A8-157C-407B-B593-15FBC7B4D5DA}.Debug|Any CPU.Deploy.0 = Debug|Any CPU
		{4A2EC9A8-157C-407B-B593-15FBC7B4D5DA}.Release|Any CPU.ActiveCfg = Release|Any CPU
		{4A2EC9A8-157C-407B-B593-15FBC7B4D5DA}.Release|Any CPU.Build.0 = Release|Any CPU
		{4A2EC9A8-157C-407B-B593-15FBC7B4D5DA}.Release|Any CPU.Deploy.0 = Release|Any CPU
		{3CB9BD2D-8C23-4CC8-9EA5-98416317915D}.Debug|Any CPU.ActiveCfg = Debug|Any CPU
		{3CB9BD2D-8C23-4CC8-9EA5-98416317915D}.Debug|Any CPU.Build.0 = Debug|Any CPU
		{3CB9BD2D-8C23-4CC8-9EA5-98416317915D}.Release|Any CPU.ActiveCfg = Release|Any CPU
		{3CB9BD2D-8C23-4CC8-9EA5-98416317915D}.Release|Any CPU.Build.0 = Release|Any CPU
		{6B795217-4E65-4065-9517-F65B67528D3E}.Debug|Any CPU.ActiveCfg = Debug|Any CPU
		{6B795217-4E65-4065-9517-F65B67528D3E}.Debug|Any CPU.Build.0 = Debug|Any CPU
		{6B795217-4E65-4065-9517-F65B67528D3E}.Release|Any CPU.ActiveCfg = Release|Any CPU
		{6B795217-4E65-4065-9517-F65B67528D3E}.Release|Any CPU.Build.0 = Release|Any CPU
		{9207829C-545A-4827-B038-8DEAD71D1713}.Debug|Any CPU.ActiveCfg = Debug|Any CPU
		{9207829C-545A-4827-B038-8DEAD71D1713}.Debug|Any CPU.Build.0 = Debug|Any CPU
		{9207829C-545A-4827-B038-8DEAD71D1713}.Release|Any CPU.ActiveCfg = Release|Any CPU
		{9207829C-545A-4827-B038-8DEAD71D1713}.Release|Any CPU.Build.0 = Release|Any CPU
		{6BEDA495-BEB0-4183-B602-4B7676F86431}.Debug|Any CPU.ActiveCfg = Debug|Any CPU
		{6BEDA495-BEB0-4183-B602-4B7676F86431}.Debug|Any CPU.Build.0 = Debug|Any CPU
		{6BEDA495-BEB0-4183-B602-4B7676F86431}.Release|Any CPU.ActiveCfg = Release|Any CPU
		{6BEDA495-BEB0-4183-B602-4B7676F86431}.Release|Any CPU.Build.0 = Release|Any CPU
	EndGlobalSection
	GlobalSection(SolutionProperties) = preSolution
		HideSolutionNode = FALSE
	EndGlobalSection
	GlobalSection(NestedProjects) = preSolution
		{123CB696-BBF3-4732-A9D5-C968668B6426} = {D1930D6D-C3E8-4D54-A98F-904AD78B3E86}
		{4A2EC9A8-157C-407B-B593-15FBC7B4D5DA} = {C8CAF863-177D-4B00-80C7-C41A4482092E}
		{3CB9BD2D-8C23-4CC8-9EA5-98416317915D} = {269C6141-FEB1-4282-8229-E684C69C458D}
		{6B795217-4E65-4065-9517-F65B67528D3E} = {D1930D6D-C3E8-4D54-A98F-904AD78B3E86}
		{9207829C-545A-4827-B038-8DEAD71D1713} = {269C6141-FEB1-4282-8229-E684C69C458D}
		{6BEDA495-BEB0-4183-B602-4B7676F86431} = {D1930D6D-C3E8-4D54-A98F-904AD78B3E86}
	EndGlobalSection
	GlobalSection(ExtensibilityGlobals) = postSolution
		SolutionGuid = {9901BDF2-A6F2-4D93-AEE9-8356FE5AAE76}
	EndGlobalSection
EndGlobal
